
Microsoft Visual Studio Solution File, Format Version 12.00
# Visual Studio Version 16
VisualStudioVersion = 16.0.31205.134
MinimumVisualStudioVersion = 10.0.40219.1
Project("{FAE04EC0-301F-11D3-BF4B-00C04F79EFBC}") = "Compile", "Compile\Compile.csproj", "{73031DB0-FCDF-49A5-931C-BA1152B2AE7E}"
EndProject
Global
	GlobalSection(SolutionConfigurationPlatforms) = preSolution
		Debug|Any CPU = Debug|Any CPU
		Release|Any CPU = Release|Any CPU
	EndGlobalSection
	GlobalSection(ProjectConfigurationPlatforms) = postSolution
		{73031DB0-FCDF-49A5-931C-BA1152B2AE7E}.Debug|Any CPU.ActiveCfg = Debug|Any CPU
		{73031DB0-FCDF-49A5-931C-BA1152B2AE7E}.Debug|Any CPU.Build.0 = Debug|Any CPU
		{73031DB0-FCDF-49A5-931C-BA1152B2AE7E}.Release|Any CPU.ActiveCfg = Release|Any CPU
		{73031DB0-FCDF-49A5-931C-BA1152B2AE7E}.Release|Any CPU.Build.0 = Release|Any CPU
	EndGlobalSection
	GlobalSection(SolutionProperties) = preSolution
		HideSolutionNode = FALSE
	EndGlobalSection
	GlobalSection(ExtensibilityGlobals) = postSolution
		SolutionGuid = {804E5CFC-849A-4475-A819-969777D95D44}
	EndGlobalSection
EndGlobal
